
Microsoft Visual Studio Solution File, Format Version 12.00
Project("{2150E333-8FDC-42A3-9474-1A3956D46DE8}") = "src", "src", "{2B4529F7-3CD6-4D38-9818-4DCAA905BD00}"
EndProject
Project("{FAE04EC0-301F-11D3-BF4B-00C04F79EFBC}") = "Basket.Domain", "Basket.Domain\Basket.Domain.csproj", "{991A7680-AEC4-4309-8EF8-1C4139E8F455}"
EndProject
Project("{FAE04EC0-301F-11D3-BF4B-00C04F79EFBC}") = "Basket.Infrastructure", "Basket.Infrastructure\Basket.Infrastructure.csproj", "{1A3CC3DD-500E-46D6-A2EC-D8D1CECB7E42}"
EndProject
Project("{FAE04EC0-301F-11D3-BF4B-00C04F79EFBC}") = "Basket.Application", "Basket.Application\Basket.Application.csproj", "{C689E661-3B57-4E55-8AB0-4DA3F5EC09F2}"
EndProject
Project("{FAE04EC0-301F-11D3-BF4B-00C04F79EFBC}") = "Basket.Api", "Basket.Api\Basket.Api.csproj", "{DCB7C2F2-D6C9-42C4-86BD-FE82299A85EB}"
EndProject
Project("{2150E333-8FDC-42A3-9474-1A3956D46DE8}") = "test", "test", "{44D30AD8-F716-49DB-A605-CD717D87154D}"
EndProject
Project("{FAE04EC0-301F-11D3-BF4B-00C04F79EFBC}") = "Basket.Test", "Basket.Test\Basket.Test.csproj", "{C6573BAE-AA26-4046-B356-E8309A845187}"
EndProject
Global
	GlobalSection(SolutionConfigurationPlatforms) = preSolution
		Debug|Any CPU = Debug|Any CPU
		Release|Any CPU = Release|Any CPU
	EndGlobalSection
	GlobalSection(NestedProjects) = preSolution
		{991A7680-AEC4-4309-8EF8-1C4139E8F455} = {2B4529F7-3CD6-4D38-9818-4DCAA905BD00}
		{1A3CC3DD-500E-46D6-A2EC-D8D1CECB7E42} = {2B4529F7-3CD6-4D38-9818-4DCAA905BD00}
		{C689E661-3B57-4E55-8AB0-4DA3F5EC09F2} = {2B4529F7-3CD6-4D38-9818-4DCAA905BD00}
		{DCB7C2F2-D6C9-42C4-86BD-FE82299A85EB} = {2B4529F7-3CD6-4D38-9818-4DCAA905BD00}
		{C6573BAE-AA26-4046-B356-E8309A845187} = {44D30AD8-F716-49DB-A605-CD717D87154D}
	EndGlobalSection
	GlobalSection(ProjectConfigurationPlatforms) = postSolution
		{991A7680-AEC4-4309-8EF8-1C4139E8F455}.Debug|Any CPU.ActiveCfg = Debug|Any CPU
		{991A7680-AEC4-4309-8EF8-1C4139E8F455}.Debug|Any CPU.Build.0 = Debug|Any CPU
		{991A7680-AEC4-4309-8EF8-1C4139E8F455}.Release|Any CPU.ActiveCfg = Release|Any CPU
		{991A7680-AEC4-4309-8EF8-1C4139E8F455}.Release|Any CPU.Build.0 = Release|Any CPU
		{1A3CC3DD-500E-46D6-A2EC-D8D1CECB7E42}.Debug|Any CPU.ActiveCfg = Debug|Any CPU
		{1A3CC3DD-500E-46D6-A2EC-D8D1CECB7E42}.Debug|Any CPU.Build.0 = Debug|Any CPU
		{1A3CC3DD-500E-46D6-A2EC-D8D1CECB7E42}.Release|Any CPU.ActiveCfg = Release|Any CPU
		{1A3CC3DD-500E-46D6-A2EC-D8D1CECB7E42}.Release|Any CPU.Build.0 = Release|Any CPU
		{C689E661-3B57-4E55-8AB0-4DA3F5EC09F2}.Debug|Any CPU.ActiveCfg = Debug|Any CPU
		{C689E661-3B57-4E55-8AB0-4DA3F5EC09F2}.Debug|Any CPU.Build.0 = Debug|Any CPU
		{C689E661-3B57-4E55-8AB0-4DA3F5EC09F2}.Release|Any CPU.ActiveCfg = Release|Any CPU
		{C689E661-3B57-4E55-8AB0-4DA3F5EC09F2}.Release|Any CPU.Build.0 = Release|Any CPU
		{DCB7C2F2-D6C9-42C4-86BD-FE82299A85EB}.Debug|Any CPU.ActiveCfg = Debug|Any CPU
		{DCB7C2F2-D6C9-42C4-86BD-FE82299A85EB}.Debug|Any CPU.Build.0 = Debug|Any CPU
		{DCB7C2F2-D6C9-42C4-86BD-FE82299A85EB}.Release|Any CPU.ActiveCfg = Release|Any CPU
		{DCB7C2F2-D6C9-42C4-86BD-FE82299A85EB}.Release|Any CPU.Build.0 = Release|Any CPU
		{C6573BAE-AA26-4046-B356-E8309A845187}.Debug|Any CPU.ActiveCfg = Debug|Any CPU
		{C6573BAE-AA26-4046-B356-E8309A845187}.Debug|Any CPU.Build.0 = Debug|Any CPU
		{C6573BAE-AA26-4046-B356-E8309A845187}.Release|Any CPU.ActiveCfg = Release|Any CPU
		{C6573BAE-AA26-4046-B356-E8309A845187}.Release|Any CPU.Build.0 = Release|Any CPU
	EndGlobalSection
EndGlobal
